
Microsoft Visual Studio Solution File, Format Version 12.00
# Visual Studio Version 16
VisualStudioVersion = 25.0.1700.7
MinimumVisualStudioVersion = 10.0.40219.1
Project("{FAE04EC0-301F-11D3-BF4B-00C04F79EFBC}") = "pruebatecnica.Android", "pruebatecnica\pruebatecnica.Android\pruebatecnica.Android.csproj", "{7D986044-678A-4764-B581-54F53B6841EB}"
EndProject
Project("{FAE04EC0-301F-11D3-BF4B-00C04F79EFBC}") = "pruebatecnica.iOS", "pruebatecnica\pruebatecnica.iOS\pruebatecnica.iOS.csproj", "{DEA7997E-924F-46C7-9CB6-FBC06C8A796D}"
EndProject
Project("{FAE04EC0-301F-11D3-BF4B-00C04F79EFBC}") = "pruebatecnica", "pruebatecnica\pruebatecnica\pruebatecnica.csproj", "{227E0193-02A7-45D7-86A3-3DF975A1AA99}"
EndProject
Global
	GlobalSection(SolutionConfigurationPlatforms) = preSolution
		Debug|Any CPU = Debug|Any CPU
		Release|Any CPU = Release|Any CPU
		Debug|iPhoneSimulator = Debug|iPhoneSimulator
		Release|iPhoneSimulator = Release|iPhoneSimulator
		Debug|iPhone = Debug|iPhone
		Release|iPhone = Release|iPhone
	EndGlobalSection
	GlobalSection(ProjectConfigurationPlatforms) = postSolution
		{7D986044-678A-4764-B581-54F53B6841EB}.Debug|Any CPU.ActiveCfg = Debug|Any CPU
		{7D986044-678A-4764-B581-54F53B6841EB}.Debug|Any CPU.Build.0 = Debug|Any CPU
		{7D986044-678A-4764-B581-54F53B6841EB}.Release|Any CPU.ActiveCfg = Release|Any CPU
		{7D986044-678A-4764-B581-54F53B6841EB}.Release|Any CPU.Build.0 = Release|Any CPU
		{7D986044-678A-4764-B581-54F53B6841EB}.Debug|iPhoneSimulator.ActiveCfg = Debug|Any CPU
		{7D986044-678A-4764-B581-54F53B6841EB}.Debug|iPhoneSimulator.Build.0 = Debug|Any CPU
		{7D986044-678A-4764-B581-54F53B6841EB}.Release|iPhoneSimulator.ActiveCfg = Release|Any CPU
		{7D986044-678A-4764-B581-54F53B6841EB}.Release|iPhoneSimulator.Build.0 = Release|Any CPU
		{7D986044-678A-4764-B581-54F53B6841EB}.Debug|iPhone.ActiveCfg = Debug|Any CPU
		{7D986044-678A-4764-B581-54F53B6841EB}.Debug|iPhone.Build.0 = Debug|Any CPU
		{7D986044-678A-4764-B581-54F53B6841EB}.Release|iPhone.ActiveCfg = Release|Any CPU
		{7D986044-678A-4764-B581-54F53B6841EB}.Release|iPhone.Build.0 = Release|Any CPU
		{DEA7997E-924F-46C7-9CB6-FBC06C8A796D}.Debug|Any CPU.ActiveCfg = Debug|iPhoneSimulator
		{DEA7997E-924F-46C7-9CB6-FBC06C8A796D}.Debug|Any CPU.Build.0 = Debug|iPhoneSimulator
		{DEA7997E-924F-46C7-9CB6-FBC06C8A796D}.Release|Any CPU.ActiveCfg = Release|iPhoneSimulator
		{DEA7997E-924F-46C7-9CB6-FBC06C8A796D}.Release|Any CPU.Build.0 = Release|iPhoneSimulator
		{DEA7997E-924F-46C7-9CB6-FBC06C8A796D}.Debug|iPhoneSimulator.ActiveCfg = Debug|iPhoneSimulator
		{DEA7997E-924F-46C7-9CB6-FBC06C8A796D}.Debug|iPhoneSimulator.Build.0 = Debug|iPhoneSimulator
		{DEA7997E-924F-46C7-9CB6-FBC06C8A796D}.Release|iPhoneSimulator.ActiveCfg = Release|iPhoneSimulator
		{DEA7997E-924F-46C7-9CB6-FBC06C8A796D}.Release|iPhoneSimulator.Build.0 = Release|iPhoneSimulator
		{DEA7997E-924F-46C7-9CB6-FBC06C8A796D}.Debug|iPhone.ActiveCfg = Debug|iPhone
		{DEA7997E-924F-46C7-9CB6-FBC06C8A796D}.Debug|iPhone.Build.0 = Debug|iPhone
		{DEA7997E-924F-46C7-9CB6-FBC06C8A796D}.Release|iPhone.ActiveCfg = Release|iPhone
		{DEA7997E-924F-46C7-9CB6-FBC06C8A796D}.Release|iPhone.Build.0 = Release|iPhone
		{227E0193-02A7-45D7-86A3-3DF975A1AA99}.Debug|Any CPU.ActiveCfg = Debug|Any CPU
		{227E0193-02A7-45D7-86A3-3DF975A1AA99}.Debug|Any CPU.Build.0 = Debug|Any CPU
		{227E0193-02A7-45D7-86A3-3DF975A1AA99}.Release|Any CPU.ActiveCfg = Release|Any CPU
		{227E0193-02A7-45D7-86A3-3DF975A1AA99}.Release|Any CPU.Build.0 = Release|Any CPU
		{227E0193-02A7-45D7-86A3-3DF975A1AA99}.Debug|iPhoneSimulator.ActiveCfg = Debug|Any CPU
		{227E0193-02A7-45D7-86A3-3DF975A1AA99}.Debug|iPhoneSimulator.Build.0 = Debug|Any CPU
		{227E0193-02A7-45D7-86A3-3DF975A1AA99}.Release|iPhoneSimulator.ActiveCfg = Release|Any CPU
		{227E0193-02A7-45D7-86A3-3DF975A1AA99}.Release|iPhoneSimulator.Build.0 = Release|Any CPU
		{227E0193-02A7-45D7-86A3-3DF975A1AA99}.Debug|iPhone.ActiveCfg = Debug|Any CPU
		{227E0193-02A7-45D7-86A3-3DF975A1AA99}.Debug|iPhone.Build.0 = Debug|Any CPU
		{227E0193-02A7-45D7-86A3-3DF975A1AA99}.Release|iPhone.ActiveCfg = Release|Any CPU
		{227E0193-02A7-45D7-86A3-3DF975A1AA99}.Release|iPhone.Build.0 = Release|Any CPU
	EndGlobalSection
	GlobalSection(SolutionProperties) = preSolution
		HideSolutionNode = FALSE
	EndGlobalSection
	GlobalSection(ExtensibilityGlobals) = postSolution
		SolutionGuid = {D4DAD2BB-9616-4F27-8296-810468F810FC}
	EndGlobalSection
EndGlobal
